
Microsoft Visual Studio Solution File, Format Version 11.00
# Visual Studio 2010
# SharpDevelop 4.4
Project("{FD48973F-F585-4F70-812B-4D0503B36CE9}") = "VinjeCtiine", "VinjeCtiine\VinjeCtiine.pyproj", "{0C36F611-09E8-46B4-AA88-C1483A8B34C1}"
EndProject
Global
	GlobalSection(SolutionConfigurationPlatforms) = preSolution
		Debug|Any CPU = Debug|Any CPU
		Release|Any CPU = Release|Any CPU
	EndGlobalSection
	GlobalSection(ProjectConfigurationPlatforms) = postSolution
		{0C36F611-09E8-46B4-AA88-C1483A8B34C1}.Debug|Any CPU.Build.0 = Debug|Any CPU
		{0C36F611-09E8-46B4-AA88-C1483A8B34C1}.Debug|Any CPU.ActiveCfg = Debug|Any CPU
		{0C36F611-09E8-46B4-AA88-C1483A8B34C1}.Release|Any CPU.Build.0 = Release|Any CPU
		{0C36F611-09E8-46B4-AA88-C1483A8B34C1}.Release|Any CPU.ActiveCfg = Release|Any CPU
	EndGlobalSection
EndGlobal
